[[package]]
name = "numpy"
version = "1.23.5"
description = "NumPy is the fundamental package for array computing with Python."
category = "main"
optional = false
python-versions = ">=3.8"

[[package]]
name = "pygame"
version = "2.1.2"
description = "Python Game Development"
category = "main"
optional = false
python-versions = ">=3.6"

[metadata]
lock-version = "1.1"
python-versions = "^3.10"
content-hash = "8896819409e96c8049728cb8accf6d8fdeaa2920ace02e4a3d09575e8a768c58"

[metadata.files]
numpy = []
pygame = []
